
Microsoft Visual Studio Solution File, Format Version 12.00
# Visual Studio 2012
Project("{FAE04EC0-301F-11D3-BF4B-00C04F79EFBC}") = "prjExemploStatic", "prjExemploStatic\prjExemploStatic.csproj", "{7393293B-603F-4033-B531-19BDF3141666}"
EndProject
Global
	GlobalSection(SolutionConfigurationPlatforms) = preSolution
		Debug|Any CPU = Debug|Any CPU
		Release|Any CPU = Release|Any CPU
	EndGlobalSection
	GlobalSection(ProjectConfigurationPlatforms) = postSolution
		{7393293B-603F-4033-B531-19BDF3141666}.Debug|Any CPU.ActiveCfg = Debug|Any CPU
		{7393293B-603F-4033-B531-19BDF3141666}.Debug|Any CPU.Build.0 = Debug|Any CPU
		{7393293B-603F-4033-B531-19BDF3141666}.Release|Any CPU.ActiveCfg = Release|Any CPU
		{7393293B-603F-4033-B531-19BDF3141666}.Release|Any CPU.Build.0 = Release|Any CPU
	EndGlobalSection
	GlobalSection(SolutionProperties) = preSolution
		HideSolutionNode = FALSE
	EndGlobalSection
EndGlobal
